// !$*UTF8*$!
{
	archiveVersion = 1;
	classes = {
	};
	objectVersion = 55;
	objects = {

/* Begin PBXBuildFile section */
		2D0E9C5327DC184A007CF79C /* DogvsDogApp.swift in Sources */ = {isa = PBXBuildFile; fileRef = 2D0E9C5227DC184A007CF79C /* DogvsDogApp.swift */; };
		2D0E9C5527DC184A007CF79C /* ContentView.swift in Sources */ = {isa = PBXBuildFile; fileRef = 2D0E9C5427DC184A007CF79C /* ContentView.swift */; };
		2D0E9C5727DC184B007CF79C /* Assets.xcassets in Resources */ = {isa = PBXBuildFile; fileRef = 2D0E9C5627DC184B007CF79C /* Assets.xcassets */; };
		2D0E9C5A27DC184B007CF79C /* Preview Assets.xcassets in Resources */ = {isa = PBXBuildFile; fileRef = 2D0E9C5927DC184B007CF79C /* Preview Assets.xcassets */; };
		2D0E9C6127DC1AEA007CF79C /* DogAPI.swift in Sources */ = {isa = PBXBuildFile; fileRef = 2D0E9C6027DC1AEA007CF79C /* DogAPI.swift */; };
		2D0E9C6727DC1C05007CF79C /* Dog.swift in Sources */ = {isa = PBXBuildFile; fileRef = 2D0E9C6627DC1C05007CF79C /* Dog.swift */; };
		2D0E9C7427DC3005007CF79C /* DogImageView.swift in Sources */ = {isa = PBXBuildFile; fileRef = 2D0E9C7327DC3005007CF79C /* DogImageView.swift */; };
/* End PBXBuildFile section */

/* Begin PBXFileReference section */
		2D0E9C4F27DC184A007CF79C /* DogvsDog.app */ = {isa = PBXFileReference; explicitFileType = wrapper.application; includeInIndex = 0; path = DogvsDog.app; sourceTree = BUILT_PRODUCTS_DIR; };
		2D0E9C5227DC184A007CF79C /* DogvsDogApp.swift */ = {isa = PBXFileReference; lastKnownFileType = sourcecode.swift; path = DogvsDogApp.swift; sourceTree = "<group>"; };
		2D0E9C5427DC184A007CF79C /* ContentView.swift */ = {isa = PBXFileReference; lastKnownFileType = sourcecode.swift; path = ContentView.swift; sourceTree = "<group>"; };
		2D0E9C5627DC184B007CF79C /* Assets.xcassets */ = {isa = PBXFileReference; lastKnownFileType = folder.assetcatalog; path = Assets.xcassets; sourceTree = "<group>"; };
		2D0E9C5927DC184B007CF79C /* Preview Assets.xcassets */ = {isa = PBXFileReference; lastKnownFileType = folder.assetcatalog; path = "Preview Assets.xcassets"; sourceTree = "<group>"; };
		2D0E9C6027DC1AEA007CF79C /* DogAPI.swift */ = {isa = PBXFileReference; lastKnownFileType = sourcecode.swift; path = DogAPI.swift; sourceTree = "<group>"; };
		2D0E9C6627DC1C05007CF79C /* Dog.swift */ = {isa = PBXFileReference; lastKnownFileType = sourcecode.swift; path = Dog.swift; sourceTree = "<group>"; };
		2D0E9C7327DC3005007CF79C /* DogImageView.swift */ = {isa = PBXFileReference; lastKnownFileType = sourcecode.swift; path = DogImageView.swift; sourceTree = "<group>"; };
		31DD7A4527DEB84600894E55 /* about.md */ = {isa = PBXFileReference; lastKnownFileType = net.daringfireball.markdown; path = about.md; sourceTree = "<group>"; };
/* End PBXFileReference section */

/* Begin PBXFrameworksBuildPhase section */
		2D0E9C4C27DC184A007CF79C /* Frameworks */ = {
			isa = PBXFrameworksBuildPhase;
			buildActionMask = 2147483647;
			files = (
			);
			runOnlyForDeploymentPostprocessing = 0;
		};
/* End PBXFrameworksBuildPhase section */

/* Begin PBXGroup section */
		2D0E9C4627DC184A007CF79C = {
			isa = PBXGroup;
			children = (
				2D0E9C5127DC184A007CF79C /* DogvsDog */,
				2D0E9C5027DC184A007CF79C /* Products */,
			);
			sourceTree = "<group>";
		};
		2D0E9C5027DC184A007CF79C /* Products */ = {
			isa = PBXGroup;
			children = (
				2D0E9C4F27DC184A007CF79C /* DogvsDog.app */,
			);
			name = Products;
			sourceTree = "<group>";
		};
		2D0E9C5127DC184A007CF79C /* DogvsDog */ = {
			isa = PBXGroup;
			children = (
				2D0E9C6A27DC287D007CF79C /* View */,
				2D0E9C6527DC1BF9007CF79C /* API */,
				2D0E9C6427DC1BF0007CF79C /* Model */,
				2D0E9C5627DC184B007CF79C /* Assets.xcassets */,
				31DD7A4527DEB84600894E55 /* about.md */,
				2D0E9C5827DC184B007CF79C /* Preview Content */,
			);
			path = DogvsDog;
			sourceTree = "<group>";
		};
		2D0E9C5827DC184B007CF79C /* Preview Content */ = {
			isa = PBXGroup;
			children = (
				2D0E9C5927DC184B007CF79C /* Preview Assets.xcassets */,
			);
			path = "Preview Content";
			sourceTree = "<group>";
		};
		2D0E9C6427DC1BF0007CF79C /* Model */ = {
			isa = PBXGroup;
			children = (
				2D0E9C5227DC184A007CF79C /* DogvsDogApp.swift */,
				2D0E9C6627DC1C05007CF79C /* Dog.swift */,
			);
			path = Model;
			sourceTree = "<group>";
		};
		2D0E9C6527DC1BF9007CF79C /* API */ = {
			isa = PBXGroup;
			children = (
				2D0E9C6027DC1AEA007CF79C /* DogAPI.swift */,
			);
			path = API;
			sourceTree = "<group>";
		};
		2D0E9C6A27DC287D007CF79C /* View */ = {
			isa = PBXGroup;
			children = (
				2D0E9C5427DC184A007CF79C /* ContentView.swift */,
				2D0E9C7327DC3005007CF79C /* DogImageView.swift */,
			);
			path = View;
			sourceTree = "<group>";
		};
/* End PBXGroup section */

/* Begin PBXNativeTarget section */
		2D0E9C4E27DC184A007CF79C /* DogvsDog */ = {
			isa = PBXNativeTarget;
			buildConfigurationList = 2D0E9C5D27DC184B007CF79C /* Build configuration list for PBXNativeTarget "DogvsDog" */;
			buildPhases = (
				2D0E9C4B27DC184A007CF79C /* Sources */,
				2D0E9C4C27DC184A007CF79C /* Frameworks */,
				2D0E9C4D27DC184A007CF79C /* Resources */,
			);
			buildRules = (
			);
			dependencies = (
			);
			name = DogvsDog;
			productName = DogvsDog;
			productReference = 2D0E9C4F27DC184A007CF79C /* DogvsDog.app */;
			productType = "com.apple.product-type.application";
		};
/* End PBXNativeTarget section */

/* Begin PBXProject section */
		2D0E9C4727DC184A007CF79C /* Project object */ = {
			isa = PBXProject;
			attributes = {
				BuildIndependentTargetsInParallel = 1;
				LastSwiftUpdateCheck = 1320;
				LastUpgradeCheck = 1320;
				TargetAttributes = {
					2D0E9C4E27DC184A007CF79C = {
						CreatedOnToolsVersion = 13.2.1;
					};
				};
			};
			buildConfigurationList = 2D0E9C4A27DC184A007CF79C /* Build configuration list for PBXProject "DogvsDog" */;
			compatibilityVersion = "Xcode 13.0";
			developmentRegion = en;
			hasScannedForEncodings = 0;
			knownRegions = (
				en,
				Base,
			);
			mainGroup = 2D0E9C4627DC184A007CF79C;
			productRefGroup = 2D0E9C5027DC184A007CF79C /* Products */;
			projectDirPath = "";
			projectRoot = "";
			targets = (
				2D0E9C4E27DC184A007CF79C /* DogvsDog */,
			);
		};
/* End PBXProject section */

/* Begin PBXResourcesBuildPhase section */
		2D0E9C4D27DC184A007CF79C /* Resources */ = {
			isa = PBXResourcesBuildPhase;
			buildActionMask = 2147483647;
			files = (
				2D0E9C5A27DC184B007CF79C /* Preview Assets.xcassets in Resources */,
				2D0E9C5727DC184B007CF79C /* Assets.xcassets in Resources */,
			);
			runOnlyForDeploymentPostprocessing = 0;
		};
/* End PBXResourcesBuildPhase section */

/* Begin PBXSourcesBuildPhase section */
		2D0E9C4B27DC184A007CF79C /* Sources */ = {
			isa = PBXSourcesBuildPhase;
			buildActionMask = 2147483647;
			files = (
				2D0E9C7427DC3005007CF79C /* DogImageView.swift in Sources */,
				2D0E9C5527DC184A007CF79C /* ContentView.swift in Sources */,
				2D0E9C5327DC184A007CF79C /* DogvsDogApp.swift in Sources */,
				2D0E9C6727DC1C05007CF79C /* Dog.swift in Sources */,
				2D0E9C6127DC1AEA007CF79C /* DogAPI.swift in Sources */,
			);
			runOnlyForDeploymentPostprocessing = 0;
		};
/* End PBXSourcesBuildPhase section */

/* Begin XCBuildConfiguration section */
		2D0E9C5B27DC184B007CF79C /* Debug */ = {
			isa = XCBuildConfiguration;
			buildSettings = {
				ALWAYS_SEARCH_USER_PATHS = NO;
				CLANG_ANALYZER_NONNULL = YES;
				CLANG_ANALYZER_NUMBER_OBJECT_CONVERSION = YES_AGGRESSIVE;
				CLANG_CXX_LANGUAGE_STANDARD = "gnu++17";
				CLANG_CXX_LIBRARY = "libc++";
				CLANG_ENABLE_MODULES = YES;
				CLANG_ENABLE_OBJC_ARC = YES;
				CLANG_ENABLE_OBJC_WEAK = YES;
				CLANG_WARN_BLOCK_CAPTURE_AUTORELEASING = YES;
				CLANG_WARN_BOOL_CONVERSION = YES;
				CLANG_WARN_COMMA = YES;
				CLANG_WARN_CONSTANT_CONVERSION = YES;
				CLANG_WARN_DEPRECATED_OBJC_IMPLEMENTATIONS = YES;
				CLANG_WARN_DIRECT_OBJC_ISA_USAGE = YES_ERROR;
				CLANG_WARN_DOCUMENTATION_COMMENTS = YES;
				CLANG_WARN_EMPTY_BODY = YES;
				CLANG_WARN_ENUM_CONVERSION = YES;
				CLANG_WARN_INFINITE_RECURSION = YES;
				CLANG_WARN_INT_CONVERSION = YES;
				CLANG_WARN_NON_LITERAL_NULL_CONVERSION = YES;
				CLANG_WARN_OBJC_IMPLICIT_RETAIN_SELF = YES;
				CLANG_WARN_OBJC_LITERAL_CONVERSION = YES;
				CLANG_WARN_OBJC_ROOT_CLASS = YES_ERROR;
				CLANG_WARN_QUOTED_INCLUDE_IN_FRAMEWORK_HEADER = YES;
				CLANG_WARN_RANGE_LOOP_ANALYSIS = YES;
				CLANG_WARN_STRICT_PROTOTYPES = YES;
				CLANG_WARN_SUSPICIOUS_MOVE = YES;
				CLANG_WARN_UNGUARDED_AVAILABILITY = YES_AGGRESSIVE;
				CLANG_WARN_UNREACHABLE_CODE = YES;
				CLANG_WARN__DUPLICATE_METHOD_MATCH = YES;
				COPY_PHASE_STRIP = NO;
				DEBUG_INFORMATION_FORMAT = dwarf;
				ENABLE_STRICT_OBJC_MSGSEND = YES;
				ENABLE_TESTABILITY = YES;
				GCC_C_LANGUAGE_STANDARD = gnu11;
				GCC_DYNAMIC_NO_PIC = NO;
				GCC_NO_COMMON_BLOCKS = YES;
				GCC_OPTIMIZATION_LEVEL = 0;
				GCC_PREPROCESSOR_DEFINITIONS = (
					"DEBUG=1",
					"$(inherited)",
				);
				GCC_WARN_64_TO_32_BIT_CONVERSION = YES;
				GCC_WARN_ABOUT_RETURN_TYPE = YES_ERROR;
				GCC_WARN_UNDECLARED_SELECTOR = YES;
				GCC_WARN_UNINITIALIZED_AUTOS = YES_AGGRESSIVE;
				GCC_WARN_UNUSED_FUNCTION = YES;
				GCC_WARN_UNUSED_VARIABLE = YES;
				IPHONEOS_DEPLOYMENT_TARGET = 15.2;
				MTL_ENABLE_DEBUG_INFO = INCLUDE_SOURCE;
				MTL_FAST_MATH = YES;
				ONLY_ACTIVE_ARCH = YES;
				SDKROOT = iphoneos;
				SWIFT_ACTIVE_COMPILATION_CONDITIONS = DEBUG;
				SWIFT_OPTIMIZATION_LEVEL = "-Onone";
			};
			name = Debug;
		};
		2D0E9C5C27DC184B007CF79C /* Release */ = {
			isa = XCBuildConfiguration;
			buildSettings = {
				ALWAYS_SEARCH_USER_PATHS = NO;
				CLANG_ANALYZER_NONNULL = YES;
				CLANG_ANALYZER_NUMBER_OBJECT_CONVERSION = YES_AGGRESSIVE;
				CLANG_CXX_LANGUAGE_STANDARD = "gnu++17";
				CLANG_CXX_LIBRARY = "libc++";
				CLANG_ENABLE_MODULES = YES;
				CLANG_ENABLE_OBJC_ARC = YES;
				CLANG_ENABLE_OBJC_WEAK = YES;
				CLANG_WARN_BLOCK_CAPTURE_AUTORELEASING = YES;
				CLANG_WARN_BOOL_CONVERSION = YES;
				CLANG_WARN_COMMA = YES;
				CLANG_WARN_CONSTANT_CONVERSION = YES;
				CLANG_WARN_DEPRECATED_OBJC_IMPLEMENTATIONS = YES;
				CLANG_WARN_DIRECT_OBJC_ISA_USAGE = YES_ERROR;
				CLANG_WARN_DOCUMENTATION_COMMENTS = YES;
				CLANG_WARN_EMPTY_BODY = YES;
				CLANG_WARN_ENUM_CONVERSION = YES;
				CLANG_WARN_INFINITE_RECURSION = YES;
				CLANG_WARN_INT_CONVERSION = YES;
				CLANG_WARN_NON_LITERAL_NULL_CONVERSION = YES;
				CLANG_WARN_OBJC_IMPLICIT_RETAIN_SELF = YES;
				CLANG_WARN_OBJC_LITERAL_CONVERSION = YES;
				CLANG_WARN_OBJC_ROOT_CLASS = YES_ERROR;
				CLANG_WARN_QUOTED_INCLUDE_IN_FRAMEWORK_HEADER = YES;
				CLANG_WARN_RANGE_LOOP_ANALYSIS = YES;
				CLANG_WARN_STRICT_PROTOTYPES = YES;
				CLANG_WARN_SUSPICIOUS_MOVE = YES;
				CLANG_WARN_UNGUARDED_AVAILABILITY = YES_AGGRESSIVE;
				CLANG_WARN_UNREACHABLE_CODE = YES;
				CLANG_WARN__DUPLICATE_METHOD_MATCH = YES;
				COPY_PHASE_STRIP = NO;
				DEBUG_INFORMATION_FORMAT = "dwarf-with-dsym";
				ENABLE_NS_ASSERTIONS = NO;
				ENABLE_STRICT_OBJC_MSGSEND = YES;
				GCC_C_LANGUAGE_STANDARD = gnu11;
				GCC_NO_COMMON_BLOCKS = YES;
				GCC_WARN_64_TO_32_BIT_CONVERSION = YES;
				GCC_WARN_ABOUT_RETURN_TYPE = YES_ERROR;
				GCC_WARN_UNDECLARED_SELECTOR = YES;
				GCC_WARN_UNINITIALIZED_AUTOS = YES_AGGRESSIVE;
				GCC_WARN_UNUSED_FUNCTION = YES;
				GCC_WARN_UNUSED_VARIABLE = YES;
				IPHONEOS_DEPLOYMENT_TARGET = 15.2;
				MTL_ENABLE_DEBUG_INFO = NO;
				MTL_FAST_MATH = YES;
				SDKROOT = iphoneos;
				SWIFT_COMPILATION_MODE = wholemodule;
				SWIFT_OPTIMIZATION_LEVEL = "-O";
				VALIDATE_PRODUCT = YES;
			};
			name = Release;
		};
		2D0E9C5E27DC184B007CF79C /* Debug */ = {
			isa = XCBuildConfiguration;
			buildSettings = {
				ASSETCATALOG_COMPILER_APPICON_NAME = AppIcon;
				ASSETCATALOG_COMPILER_GLOBAL_ACCENT_COLOR_NAME = AccentColor;
				CODE_SIGN_STYLE = Automatic;
				CURRENT_PROJECT_VERSION = 1;
				DEVELOPMENT_ASSET_PATHS = "\"DogvsDog/Preview Content\"";
				DEVELOPMENT_TEAM = YTD4GN9M96;
				ENABLE_PREVIEWS = YES;
				GENERATE_INFOPLIST_FILE = YES;
				INFOPLIST_KEY_UIApplicationSceneManifest_Generation = YES;
				INFOPLIST_KEY_UIApplicationSupportsIndirectInputEvents = YES;
				INFOPLIST_KEY_UILaunchScreen_Generation = YES;
				INFOPLIST_KEY_UISupportedInterfaceOrientations_iPad = "UIInterfaceOrientationPortrait UIInterfaceOrientationPortraitUpsideDown UIInterfaceOrientationLandscapeLeft UIInterfaceOrientationLandscapeRight";
				INFOPLIST_KEY_UISupportedInterfaceOrientations_iPhone = "UIInterfaceOrientationPortrait UIInterfaceOrientationLandscapeLeft UIInterfaceOrientationLandscapeRight";
				LD_RUNPATH_SEARCH_PATHS = (
					"$(inherited)",
					"@executable_path/Frameworks",
				);
				MARKETING_VERSION = 1.0;
				PRODUCT_BUNDLE_IDENTIFIER = "alexandria-alexander.DogvsDog";
				PRODUCT_NAME = "$(TARGET_NAME)";
				SWIFT_EMIT_LOC_STRINGS = YES;
				SWIFT_VERSION = 5.0;
				TARGETED_DEVICE_FAMILY = "1,2";
			};
			name = Debug;
		};
		2D0E9C5F27DC184B007CF79C /* Release */ = {
			isa = XCBuildConfiguration;
			buildSettings = {
				ASSETCATALOG_COMPILER_APPICON_NAME = AppIcon;
				ASSETCATALOG_COMPILER_GLOBAL_ACCENT_COLOR_NAME = AccentColor;
				CODE_SIGN_STYLE = Automatic;
				CURRENT_PROJECT_VERSION = 1;
				DEVELOPMENT_ASSET_PATHS = "\"DogvsDog/Preview Content\"";
				DEVELOPMENT_TEAM = YTD4GN9M96;
				ENABLE_PREVIEWS = YES;
				GENERATE_INFOPLIST_FILE = YES;
				INFOPLIST_KEY_UIApplicationSceneManifest_Generation = YES;
				INFOPLIST_KEY_UIApplicationSupportsIndirectInputEvents = YES;
				INFOPLIST_KEY_UILaunchScreen_Generation = YES;
				INFOPLIST_KEY_UISupportedInterfaceOrientations_iPad = "UIInterfaceOrientationPortrait UIInterfaceOrientationPortraitUpsideDown UIInterfaceOrientationLandscapeLeft UIInterfaceOrientationLandscapeRight";
				INFOPLIST_KEY_UISupportedInterfaceOrientations_iPhone = "UIInterfaceOrientationPortrait UIInterfaceOrientationLandscapeLeft UIInterfaceOrientationLandscapeRight";
				LD_RUNPATH_SEARCH_PATHS = (
					"$(inherited)",
					"@executable_path/Frameworks",
				);
				MARKETING_VERSION = 1.0;
				PRODUCT_BUNDLE_IDENTIFIER = "alexandria-alexander.DogvsDog";
				PRODUCT_NAME = "$(TARGET_NAME)";
				SWIFT_EMIT_LOC_STRINGS = YES;
				SWIFT_VERSION = 5.0;
				TARGETED_DEVICE_FAMILY = "1,2";
			};
			name = Release;
		};
/* End XCBuildConfiguration section */

/* Begin XCConfigurationList section */
		2D0E9C4A27DC184A007CF79C /* Build configuration list for PBXProject "DogvsDog" */ = {
			isa = XCConfigurationList;
			buildConfigurations = (
				2D0E9C5B27DC184B007CF79C /* Debug */,
				2D0E9C5C27DC184B007CF79C /* Release */,
			);
			defaultConfigurationIsVisible = 0;
			defaultConfigurationName = Release;
		};
		2D0E9C5D27DC184B007CF79C /* Build configuration list for PBXNativeTarget "DogvsDog" */ = {
			isa = XCConfigurationList;
			buildConfigurations = (
				2D0E9C5E27DC184B007CF79C /* Debug */,
				2D0E9C5F27DC184B007CF79C /* Release */,
			);
			defaultConfigurationIsVisible = 0;
			defaultConfigurationName = Release;
		};
/* End XCConfigurationList section */
	};
	rootObject = 2D0E9C4727DC184A007CF79C /* Project object */;
}
